// !$*UTF8*$!
{
	archiveVersion = 1;
	classes = {
	};
	objectVersion = 56;
	objects = {

/* Begin PBXBuildFile section */
		CE4034D32DE85255003270EF /* AppDelegate.swift in Sources */ = {isa = PBXBuildFile; fileRef = CE4034D22DE85255003270EF /* AppDelegate.swift */; };
		CE4034D52DE85255003270EF /* SceneDelegate.swift in Sources */ = {isa = PBXBuildFile; fileRef = CE4034D42DE85255003270EF /* SceneDelegate.swift */; };
		CE4034D72DE85255003270EF /* ViewController.swift in Sources */ = {isa = PBXBuildFile; fileRef = CE4034D62DE85255003270EF /* ViewController.swift */; };
		CE4034DC2DE85257003270EF /* Assets.xcassets in Resources */ = {isa = PBXBuildFile; fileRef = CE4034DB2DE85257003270EF /* Assets.xcassets */; };
		CE4034DF2DE85257003270EF /* LaunchScreen.storyboard in Resources */ = {isa = PBXBuildFile; fileRef = CE4034DD2DE85257003270EF /* LaunchScreen.storyboard */; };
		CE4034EE2DE88876003270EF /* SnapKit in Frameworks */ = {isa = PBXBuildFile; productRef = CE4034ED2DE88876003270EF /* SnapKit */; };
		CE4034F02DE88876003270EF /* SnapKit-Dynamic in Frameworks */ = {isa = PBXBuildFile; productRef = CE4034EF2DE88876003270EF /* SnapKit-Dynamic */; };
		CE4034F42DE88932003270EF /* Localizable.strings in Resources */ = {isa = PBXBuildFile; fileRef = CE4034F62DE88932003270EF /* Localizable.strings */; };
		CE4034FD2DE88B63003270EF /* String+Localization.swift in Sources */ = {isa = PBXBuildFile; fileRef = CE4034FC2DE88B63003270EF /* String+Localization.swift */; };
		CE4035002DE88F8B003270EF /* Manager.swift in Sources */ = {isa = PBXBuildFile; fileRef = CE4034FF2DE88F8B003270EF /* Manager.swift */; };
		CE4035052DE8AE40003270EF /* PlaywriteHU-VariableFont_wght.ttf in Resources */ = {isa = PBXBuildFile; fileRef = CE4035042DE8AE3F003270EF /* PlaywriteHU-VariableFont_wght.ttf */; };
/* End PBXBuildFile section */

/* Begin PBXFileReference section */
		CE4034CF2DE85255003270EF /* LinguaCard.app */ = {isa = PBXFileReference; explicitFileType = wrapper.application; includeInIndex = 0; path = LinguaCard.app; sourceTree = BUILT_PRODUCTS_DIR; };
		CE4034D22DE85255003270EF /* AppDelegate.swift */ = {isa = PBXFileReference; lastKnownFileType = sourcecode.swift; path = AppDelegate.swift; sourceTree = "<group>"; };
		CE4034D42DE85255003270EF /* SceneDelegate.swift */ = {isa = PBXFileReference; lastKnownFileType = sourcecode.swift; path = SceneDelegate.swift; sourceTree = "<group>"; };
		CE4034D62DE85255003270EF /* ViewController.swift */ = {isa = PBXFileReference; lastKnownFileType = sourcecode.swift; path = ViewController.swift; sourceTree = "<group>"; };
		CE4034DB2DE85257003270EF /* Assets.xcassets */ = {isa = PBXFileReference; lastKnownFileType = folder.assetcatalog; path = Assets.xcassets; sourceTree = "<group>"; };
		CE4034DE2DE85257003270EF /* Base */ = {isa = PBXFileReference; lastKnownFileType = file.storyboard; name = Base; path = Base.lproj/LaunchScreen.storyboard; sourceTree = "<group>"; };
		CE4034E02DE85257003270EF /* Info.plist */ = {isa = PBXFileReference; lastKnownFileType = text.plist.xml; path = Info.plist; sourceTree = "<group>"; };
		CE4034E92DE88843003270EF /* az */ = {isa = PBXFileReference; lastKnownFileType = text.plist.strings; name = az; path = az.lproj/LaunchScreen.strings; sourceTree = "<group>"; };
		CE4034EA2DE88854003270EF /* tr */ = {isa = PBXFileReference; lastKnownFileType = text.plist.strings; name = tr; path = tr.lproj/LaunchScreen.strings; sourceTree = "<group>"; };
		CE4034F52DE88932003270EF /* en */ = {isa = PBXFileReference; lastKnownFileType = text.plist.strings; name = en; path = en.lproj/Localizable.strings; sourceTree = "<group>"; };
		CE4034F72DE88934003270EF /* az */ = {isa = PBXFileReference; lastKnownFileType = text.plist.strings; name = az; path = az.lproj/Localizable.strings; sourceTree = "<group>"; };
		CE4034F82DE88936003270EF /* tr */ = {isa = PBXFileReference; lastKnownFileType = text.plist.strings; name = tr; path = tr.lproj/Localizable.strings; sourceTree = "<group>"; };
		CE4034F92DE88A32003270EF /* ru */ = {isa = PBXFileReference; lastKnownFileType = text.plist.strings; name = ru; path = ru.lproj/LaunchScreen.strings; sourceTree = "<group>"; };
		CE4034FA2DE88A33003270EF /* ru */ = {isa = PBXFileReference; lastKnownFileType = text.plist.strings; name = ru; path = ru.lproj/Localizable.strings; sourceTree = "<group>"; };
		CE4034FC2DE88B63003270EF /* String+Localization.swift */ = {isa = PBXFileReference; lastKnownFileType = sourcecode.swift; path = "String+Localization.swift"; sourceTree = "<group>"; };
		CE4034FF2DE88F8B003270EF /* Manager.swift */ = {isa = PBXFileReference; lastKnownFileType = sourcecode.swift; path = Manager.swift; sourceTree = "<group>"; };
		CE4035042DE8AE3F003270EF /* PlaywriteHU-VariableFont_wght.ttf */ = {isa = PBXFileReference; lastKnownFileType = file; path = "PlaywriteHU-VariableFont_wght.ttf"; sourceTree = "<group>"; };
/* End PBXFileReference section */

/* Begin PBXFrameworksBuildPhase section */
		CE4034CC2DE85255003270EF /* Frameworks */ = {
			isa = PBXFrameworksBuildPhase;
			buildActionMask = 2147483647;
			files = (
				CE4034EE2DE88876003270EF /* SnapKit in Frameworks */,
				CE4034F02DE88876003270EF /* SnapKit-Dynamic in Frameworks */,
			);
			runOnlyForDeploymentPostprocessing = 0;
		};
/* End PBXFrameworksBuildPhase section */

/* Begin PBXGroup section */
		CE4034C62DE85255003270EF = {
			isa = PBXGroup;
			children = (
				CE4034D12DE85255003270EF /* LinguaCard */,
				CE4034D02DE85255003270EF /* Products */,
			);
			sourceTree = "<group>";
		};
		CE4034D02DE85255003270EF /* Products */ = {
			isa = PBXGroup;
			children = (
				CE4034CF2DE85255003270EF /* LinguaCard.app */,
			);
			name = Products;
			sourceTree = "<group>";
		};
		CE4034D12DE85255003270EF /* LinguaCard */ = {
			isa = PBXGroup;
			children = (
				CE4035012DE8AA49003270EF /* Resurces */,
				CE4034FE2DE88F6F003270EF /* LanguageManager */,
				CE4034FB2DE88B24003270EF /* Extension */,
				CE4034F12DE88894003270EF /* Localization */,
				CE4034EB2DE88865003270EF /* Views */,
				CE4034E82DE8880F003270EF /* App */,
				CE4034DD2DE85257003270EF /* LaunchScreen.storyboard */,
				CE4034E02DE85257003270EF /* Info.plist */,
			);
			path = LinguaCard;
			sourceTree = "<group>";
		};
		CE4034E82DE8880F003270EF /* App */ = {
			isa = PBXGroup;
			children = (
				CE4034D22DE85255003270EF /* AppDelegate.swift */,
				CE4034D42DE85255003270EF /* SceneDelegate.swift */,
			);
			path = App;
			sourceTree = "<group>";
		};
		CE4034EB2DE88865003270EF /* Views */ = {
			isa = PBXGroup;
			children = (
				CE4034D62DE85255003270EF /* ViewController.swift */,
			);
			path = Views;
			sourceTree = "<group>";
		};
		CE4034F12DE88894003270EF /* Localization */ = {
			isa = PBXGroup;
			children = (
				CE4034F62DE88932003270EF /* Localizable.strings */,
			);
			path = Localization;
			sourceTree = "<group>";
		};
		CE4034FB2DE88B24003270EF /* Extension */ = {
			isa = PBXGroup;
			children = (
				CE4034FC2DE88B63003270EF /* String+Localization.swift */,
			);
			path = Extension;
			sourceTree = "<group>";
		};
		CE4034FE2DE88F6F003270EF /* LanguageManager */ = {
			isa = PBXGroup;
			children = (
				CE4034FF2DE88F8B003270EF /* Manager.swift */,
			);
			path = LanguageManager;
			sourceTree = "<group>";
		};
		CE4035012DE8AA49003270EF /* Resurces */ = {
			isa = PBXGroup;
			children = (
				CE4035042DE8AE3F003270EF /* PlaywriteHU-VariableFont_wght.ttf */,
				CE4034DB2DE85257003270EF /* Assets.xcassets */,
			);
			path = Resurces;
			sourceTree = "<group>";
		};
/* End PBXGroup section */

/* Begin PBXNativeTarget section */
		CE4034CE2DE85255003270EF /* LinguaCard */ = {
			isa = PBXNativeTarget;
			buildConfigurationList = CE4034E32DE85257003270EF /* Build configuration list for PBXNativeTarget "LinguaCard" */;
			buildPhases = (
				CE4034CB2DE85255003270EF /* Sources */,
				CE4034CC2DE85255003270EF /* Frameworks */,
				CE4034CD2DE85255003270EF /* Resources */,
			);
			buildRules = (
			);
			dependencies = (
			);
			name = LinguaCard;
			packageProductDependencies = (
				CE4034ED2DE88876003270EF /* SnapKit */,
				CE4034EF2DE88876003270EF /* SnapKit-Dynamic */,
			);
			productName = LinguaCard;
			productReference = CE4034CF2DE85255003270EF /* LinguaCard.app */;
			productType = "com.apple.product-type.application";
		};
/* End PBXNativeTarget section */

/* Begin PBXProject section */
		CE4034C72DE85255003270EF /* Project object */ = {
			isa = PBXProject;
			attributes = {
				BuildIndependentTargetsInParallel = 1;
				LastSwiftUpdateCheck = 1520;
				LastUpgradeCheck = 1520;
				TargetAttributes = {
					CE4034CE2DE85255003270EF = {
						CreatedOnToolsVersion = 15.2;
					};
				};
			};
			buildConfigurationList = CE4034CA2DE85255003270EF /* Build configuration list for PBXProject "LinguaCard" */;
			compatibilityVersion = "Xcode 14.0";
			developmentRegion = en;
			hasScannedForEncodings = 0;
			knownRegions = (
				en,
				Base,
				az,
				tr,
				ru,
			);
			mainGroup = CE4034C62DE85255003270EF;
			packageReferences = (
				CE4034EC2DE88876003270EF /* XCRemoteSwiftPackageReference "SnapKit" */,
			);
			productRefGroup = CE4034D02DE85255003270EF /* Products */;
			projectDirPath = "";
			projectRoot = "";
			targets = (
				CE4034CE2DE85255003270EF /* LinguaCard */,
			);
		};
/* End PBXProject section */

/* Begin PBXResourcesBuildPhase section */
		CE4034CD2DE85255003270EF /* Resources */ = {
			isa = PBXResourcesBuildPhase;
			buildActionMask = 2147483647;
			files = (
				CE4034DF2DE85257003270EF /* LaunchScreen.storyboard in Resources */,
				CE4034F42DE88932003270EF /* Localizable.strings in Resources */,
				CE4035052DE8AE40003270EF /* PlaywriteHU-VariableFont_wght.ttf in Resources */,
				CE4034DC2DE85257003270EF /* Assets.xcassets in Resources */,
			);
			runOnlyForDeploymentPostprocessing = 0;
		};
/* End PBXResourcesBuildPhase section */

/* Begin PBXSourcesBuildPhase section */
		CE4034CB2DE85255003270EF /* Sources */ = {
			isa = PBXSourcesBuildPhase;
			buildActionMask = 2147483647;
			files = (
				CE4034D72DE85255003270EF /* ViewController.swift in Sources */,
				CE4034D32DE85255003270EF /* AppDelegate.swift in Sources */,
				CE4034D52DE85255003270EF /* SceneDelegate.swift in Sources */,
				CE4034FD2DE88B63003270EF /* String+Localization.swift in Sources */,
				CE4035002DE88F8B003270EF /* Manager.swift in Sources */,
			);
			runOnlyForDeploymentPostprocessing = 0;
		};
/* End PBXSourcesBuildPhase section */

/* Begin PBXVariantGroup section */
		CE4034DD2DE85257003270EF /* LaunchScreen.storyboard */ = {
			isa = PBXVariantGroup;
			children = (
				CE4034DE2DE85257003270EF /* Base */,
				CE4034E92DE88843003270EF /* az */,
				CE4034EA2DE88854003270EF /* tr */,
				CE4034F92DE88A32003270EF /* ru */,
			);
			name = LaunchScreen.storyboard;
			sourceTree = "<group>";
		};
		CE4034F62DE88932003270EF /* Localizable.strings */ = {
			isa = PBXVariantGroup;
			children = (
				CE4034F52DE88932003270EF /* en */,
				CE4034F72DE88934003270EF /* az */,
				CE4034F82DE88936003270EF /* tr */,
				CE4034FA2DE88A33003270EF /* ru */,
			);
			name = Localizable.strings;
			sourceTree = "<group>";
		};
/* End PBXVariantGroup section */

/* Begin XCBuildConfiguration section */
		CE4034E12DE85257003270EF /* Debug */ = {
			isa = XCBuildConfiguration;
			buildSettings = {
				ALWAYS_SEARCH_USER_PATHS = NO;
				ASSETCATALOG_COMPILER_GENERATE_SWIFT_ASSET_SYMBOL_EXTENSIONS = YES;
				CLANG_ANALYZER_LOCALIZABILITY_NONLOCALIZED = YES;
				CLANG_ANALYZER_NONNULL = YES;
				CLANG_ANALYZER_NUMBER_OBJECT_CONVERSION = YES_AGGRESSIVE;
				CLANG_CXX_LANGUAGE_STANDARD = "gnu++20";
				CLANG_ENABLE_MODULES = YES;
				CLANG_ENABLE_OBJC_ARC = YES;
				CLANG_ENABLE_OBJC_WEAK = YES;
				CLANG_WARN_BLOCK_CAPTURE_AUTORELEASING = YES;
				CLANG_WARN_BOOL_CONVERSION = YES;
				CLANG_WARN_COMMA = YES;
				CLANG_WARN_CONSTANT_CONVERSION = YES;
				CLANG_WARN_DEPRECATED_OBJC_IMPLEMENTATIONS = YES;
				CLANG_WARN_DIRECT_OBJC_ISA_USAGE = YES_ERROR;
				CLANG_WARN_DOCUMENTATION_COMMENTS = YES;
				CLANG_WARN_EMPTY_BODY = YES;
				CLANG_WARN_ENUM_CONVERSION = YES;
				CLANG_WARN_INFINITE_RECURSION = YES;
				CLANG_WARN_INT_CONVERSION = YES;
				CLANG_WARN_NON_LITERAL_NULL_CONVERSION = YES;
				CLANG_WARN_OBJC_IMPLICIT_RETAIN_SELF = YES;
				CLANG_WARN_OBJC_LITERAL_CONVERSION = YES;
				CLANG_WARN_OBJC_ROOT_CLASS = YES_ERROR;
				CLANG_WARN_QUOTED_INCLUDE_IN_FRAMEWORK_HEADER = YES;
				CLANG_WARN_RANGE_LOOP_ANALYSIS = YES;
				CLANG_WARN_STRICT_PROTOTYPES = YES;
				CLANG_WARN_SUSPICIOUS_MOVE = YES;
				CLANG_WARN_UNGUARDED_AVAILABILITY = YES_AGGRESSIVE;
				CLANG_WARN_UNREACHABLE_CODE = YES;
				CLANG_WARN__DUPLICATE_METHOD_MATCH = YES;
				COPY_PHASE_STRIP = NO;
				DEBUG_INFORMATION_FORMAT = dwarf;
				ENABLE_STRICT_OBJC_MSGSEND = YES;
				ENABLE_TESTABILITY = YES;
				ENABLE_USER_SCRIPT_SANDBOXING = YES;
				GCC_C_LANGUAGE_STANDARD = gnu17;
				GCC_DYNAMIC_NO_PIC = NO;
				GCC_NO_COMMON_BLOCKS = YES;
				GCC_OPTIMIZATION_LEVEL = 0;
				GCC_PREPROCESSOR_DEFINITIONS = (
					"DEBUG=1",
					"$(inherited)",
				);
				GCC_WARN_64_TO_32_BIT_CONVERSION = YES;
				GCC_WARN_ABOUT_RETURN_TYPE = YES_ERROR;
				GCC_WARN_UNDECLARED_SELECTOR = YES;
				GCC_WARN_UNINITIALIZED_AUTOS = YES_AGGRESSIVE;
				GCC_WARN_UNUSED_FUNCTION = YES;
				GCC_WARN_UNUSED_VARIABLE = YES;
				IPHONEOS_DEPLOYMENT_TARGET = 17.2;
				LOCALIZATION_PREFERS_STRING_CATALOGS = YES;
				MTL_ENABLE_DEBUG_INFO = INCLUDE_SOURCE;
				MTL_FAST_MATH = YES;
				ONLY_ACTIVE_ARCH = YES;
				SDKROOT = iphoneos;
				SWIFT_ACTIVE_COMPILATION_CONDITIONS = "DEBUG $(inherited)";
				SWIFT_OPTIMIZATION_LEVEL = "-Onone";
			};
			name = Debug;
		};
		CE4034E22DE85257003270EF /* Release */ = {
			isa = XCBuildConfiguration;
			buildSettings = {
				ALWAYS_SEARCH_USER_PATHS = NO;
				ASSETCATALOG_COMPILER_GENERATE_SWIFT_ASSET_SYMBOL_EXTENSIONS = YES;
				CLANG_ANALYZER_LOCALIZABILITY_NONLOCALIZED = YES;
				CLANG_ANALYZER_NONNULL = YES;
				CLANG_ANALYZER_NUMBER_OBJECT_CONVERSION = YES_AGGRESSIVE;
				CLANG_CXX_LANGUAGE_STANDARD = "gnu++20";
				CLANG_ENABLE_MODULES = YES;
				CLANG_ENABLE_OBJC_ARC = YES;
				CLANG_ENABLE_OBJC_WEAK = YES;
				CLANG_WARN_BLOCK_CAPTURE_AUTORELEASING = YES;
				CLANG_WARN_BOOL_CONVERSION = YES;
				CLANG_WARN_COMMA = YES;
				CLANG_WARN_CONSTANT_CONVERSION = YES;
				CLANG_WARN_DEPRECATED_OBJC_IMPLEMENTATIONS = YES;
				CLANG_WARN_DIRECT_OBJC_ISA_USAGE = YES_ERROR;
				CLANG_WARN_DOCUMENTATION_COMMENTS = YES;
				CLANG_WARN_EMPTY_BODY = YES;
				CLANG_WARN_ENUM_CONVERSION = YES;
				CLANG_WARN_INFINITE_RECURSION = YES;
				CLANG_WARN_INT_CONVERSION = YES;
				CLANG_WARN_NON_LITERAL_NULL_CONVERSION = YES;
				CLANG_WARN_OBJC_IMPLICIT_RETAIN_SELF = YES;
				CLANG_WARN_OBJC_LITERAL_CONVERSION = YES;
				CLANG_WARN_OBJC_ROOT_CLASS = YES_ERROR;
				CLANG_WARN_QUOTED_INCLUDE_IN_FRAMEWORK_HEADER = YES;
				CLANG_WARN_RANGE_LOOP_ANALYSIS = YES;
				CLANG_WARN_STRICT_PROTOTYPES = YES;
				CLANG_WARN_SUSPICIOUS_MOVE = YES;
				CLANG_WARN_UNGUARDED_AVAILABILITY = YES_AGGRESSIVE;
				CLANG_WARN_UNREACHABLE_CODE = YES;
				CLANG_WARN__DUPLICATE_METHOD_MATCH = YES;
				COPY_PHASE_STRIP = NO;
				DEBUG_INFORMATION_FORMAT = "dwarf-with-dsym";
				ENABLE_NS_ASSERTIONS = NO;
				ENABLE_STRICT_OBJC_MSGSEND = YES;
				ENABLE_USER_SCRIPT_SANDBOXING = YES;
				GCC_C_LANGUAGE_STANDARD = gnu17;
				GCC_NO_COMMON_BLOCKS = YES;
				GCC_WARN_64_TO_32_BIT_CONVERSION = YES;
				GCC_WARN_ABOUT_RETURN_TYPE = YES_ERROR;
				GCC_WARN_UNDECLARED_SELECTOR = YES;
				GCC_WARN_UNINITIALIZED_AUTOS = YES_AGGRESSIVE;
				GCC_WARN_UNUSED_FUNCTION = YES;
				GCC_WARN_UNUSED_VARIABLE = YES;
				IPHONEOS_DEPLOYMENT_TARGET = 17.2;
				LOCALIZATION_PREFERS_STRING_CATALOGS = YES;
				MTL_ENABLE_DEBUG_INFO = NO;
				MTL_FAST_MATH = YES;
				SDKROOT = iphoneos;
				SWIFT_COMPILATION_MODE = wholemodule;
				VALIDATE_PRODUCT = YES;
			};
			name = Release;
		};
		CE4034E42DE85257003270EF /* Debug */ = {
			isa = XCBuildConfiguration;
			buildSettings = {
				ASSETCATALOG_COMPILER_APPICON_NAME = AppIcon;
				ASSETCATALOG_COMPILER_GLOBAL_ACCENT_COLOR_NAME = AccentColor;
				CODE_SIGN_STYLE = Automatic;
				CURRENT_PROJECT_VERSION = 1;
				GENERATE_INFOPLIST_FILE = YES;
				INFOPLIST_FILE = LinguaCard/Info.plist;
				INFOPLIST_KEY_UIApplicationSupportsIndirectInputEvents = YES;
				INFOPLIST_KEY_UILaunchStoryboardName = LaunchScreen;
				INFOPLIST_KEY_UISupportedInterfaceOrientations_iPad = "UIInterfaceOrientationPortrait UIInterfaceOrientationPortraitUpsideDown UIInterfaceOrientationLandscapeLeft UIInterfaceOrientationLandscapeRight";
				INFOPLIST_KEY_UISupportedInterfaceOrientations_iPhone = "UIInterfaceOrientationPortrait UIInterfaceOrientationLandscapeLeft UIInterfaceOrientationLandscapeRight";
				LD_RUNPATH_SEARCH_PATHS = (
					"$(inherited)",
					"@executable_path/Frameworks",
				);
				MARKETING_VERSION = 1.0;
				PRODUCT_BUNDLE_IDENTIFIER = com.gunelbalayeva.LinguaCard;
				PRODUCT_NAME = "$(TARGET_NAME)";
				SWIFT_EMIT_LOC_STRINGS = YES;
				SWIFT_VERSION = 5.0;
				TARGETED_DEVICE_FAMILY = "1,2";
			};
			name = Debug;
		};
		CE4034E52DE85257003270EF /* Release */ = {
			isa = XCBuildConfiguration;
			buildSettings = {
				ASSETCATALOG_COMPILER_APPICON_NAME = AppIcon;
				ASSETCATALOG_COMPILER_GLOBAL_ACCENT_COLOR_NAME = AccentColor;
				CODE_SIGN_STYLE = Automatic;
				CURRENT_PROJECT_VERSION = 1;
				GENERATE_INFOPLIST_FILE = YES;
				INFOPLIST_FILE = LinguaCard/Info.plist;
				INFOPLIST_KEY_UIApplicationSupportsIndirectInputEvents = YES;
				INFOPLIST_KEY_UILaunchStoryboardName = LaunchScreen;
				INFOPLIST_KEY_UISupportedInterfaceOrientations_iPad = "UIInterfaceOrientationPortrait UIInterfaceOrientationPortraitUpsideDown UIInterfaceOrientationLandscapeLeft UIInterfaceOrientationLandscapeRight";
				INFOPLIST_KEY_UISupportedInterfaceOrientations_iPhone = "UIInterfaceOrientationPortrait UIInterfaceOrientationLandscapeLeft UIInterfaceOrientationLandscapeRight";
				LD_RUNPATH_SEARCH_PATHS = (
					"$(inherited)",
					"@executable_path/Frameworks",
				);
				MARKETING_VERSION = 1.0;
				PRODUCT_BUNDLE_IDENTIFIER = com.gunelbalayeva.LinguaCard;
				PRODUCT_NAME = "$(TARGET_NAME)";
				SWIFT_EMIT_LOC_STRINGS = YES;
				SWIFT_VERSION = 5.0;
				TARGETED_DEVICE_FAMILY = "1,2";
			};
			name = Release;
		};
/* End XCBuildConfiguration section */

/* Begin XCConfigurationList section */
		CE4034CA2DE85255003270EF /* Build configuration list for PBXProject "LinguaCard" */ = {
			isa = XCConfigurationList;
			buildConfigurations = (
				CE4034E12DE85257003270EF /* Debug */,
				CE4034E22DE85257003270EF /* Release */,
			);
			defaultConfigurationIsVisible = 0;
			defaultConfigurationName = Release;
		};
		CE4034E32DE85257003270EF /* Build configuration list for PBXNativeTarget "LinguaCard" */ = {
			isa = XCConfigurationList;
			buildConfigurations = (
				CE4034E42DE85257003270EF /* Debug */,
				CE4034E52DE85257003270EF /* Release */,
			);
			defaultConfigurationIsVisible = 0;
			defaultConfigurationName = Release;
		};
/* End XCConfigurationList section */

/* Begin XCRemoteSwiftPackageReference section */
		CE4034EC2DE88876003270EF /* XCRemoteSwiftPackageReference "SnapKit" */ = {
			isa = XCRemoteSwiftPackageReference;
			repositoryURL = "https://github.com/SnapKit/SnapKit.git";
			requirement = {
				kind = upToNextMajorVersion;
				minimumVersion = 5.7.1;
			};
		};
/* End XCRemoteSwiftPackageReference section */

/* Begin XCSwiftPackageProductDependency section */
		CE4034ED2DE88876003270EF /* SnapKit */ = {
			isa = XCSwiftPackageProductDependency;
			package = CE4034EC2DE88876003270EF /* XCRemoteSwiftPackageReference "SnapKit" */;
			productName = SnapKit;
		};
		CE4034EF2DE88876003270EF /* SnapKit-Dynamic */ = {
			isa = XCSwiftPackageProductDependency;
			package = CE4034EC2DE88876003270EF /* XCRemoteSwiftPackageReference "SnapKit" */;
			productName = "SnapKit-Dynamic";
		};
/* End XCSwiftPackageProductDependency section */
	};
	rootObject = CE4034C72DE85255003270EF /* Project object */;
}
